
Microsoft Visual Studio Solution File, Format Version 12.00
# Visual Studio Version 16
VisualStudioVersion = 16.0.31112.23
MinimumVisualStudioVersion = 10.0.40219.1
Project("{FAE04EC0-301F-11D3-BF4B-00C04F79EFBC}") = "Twitter_Project", "Twitter_Project\Twitter_Project.csproj", "{1684B0DD-CD2D-41C6-94D5-09591B27ED0F}"
EndProject
Global
	GlobalSection(SolutionConfigurationPlatforms) = preSolution
		Debug|Any CPU = Debug|Any CPU
		Release|Any CPU = Release|Any CPU
	EndGlobalSection
	GlobalSection(ProjectConfigurationPlatforms) = postSolution
		{1684B0DD-CD2D-41C6-94D5-09591B27ED0F}.Debug|Any CPU.ActiveCfg = Debug|Any CPU
		{1684B0DD-CD2D-41C6-94D5-09591B27ED0F}.Debug|Any CPU.Build.0 = Debug|Any CPU
		{1684B0DD-CD2D-41C6-94D5-09591B27ED0F}.Release|Any CPU.ActiveCfg = Release|Any CPU
		{1684B0DD-CD2D-41C6-94D5-09591B27ED0F}.Release|Any CPU.Build.0 = Release|Any CPU
	EndGlobalSection
	GlobalSection(SolutionProperties) = preSolution
		HideSolutionNode = FALSE
	EndGlobalSection
	GlobalSection(ExtensibilityGlobals) = postSolution
		SolutionGuid = {CD8863D0-464E-4644-B230-396955894E3E}
	EndGlobalSection
EndGlobal
